// !$*UTF8*$!
{
	archiveVersion = 1;
	classes = {
	};
	objectVersion = 56;
	objects = {

/* Begin PBXBuildFile section */
		A10001000000000000000001 /* ClaudeBotApp.swift in Sources */ = {isa = PBXBuildFile; fileRef = A20001000000000000000001 /* ClaudeBotApp.swift */; };
		A10002000000000000000002 /* ConnectionState.swift in Sources */ = {isa = PBXBuildFile; fileRef = A20002000000000000000002 /* ConnectionState.swift */; };
		A10003000000000000000003 /* InlineButton.swift in Sources */ = {isa = PBXBuildFile; fileRef = A20003000000000000000003 /* InlineButton.swift */; };
		A10004000000000000000004 /* FileChange.swift in Sources */ = {isa = PBXBuildFile; fileRef = A20004000000000000000004 /* FileChange.swift */; };
		A10005000000000000000005 /* ChatMessage.swift in Sources */ = {isa = PBXBuildFile; fileRef = A20005000000000000000005 /* ChatMessage.swift */; };
		A10006000000000000000006 /* WsMessage.swift in Sources */ = {isa = PBXBuildFile; fileRef = A20006000000000000000006 /* WsMessage.swift */; };
		A10007000000000000000007 /* ActiveTask.swift in Sources */ = {isa = PBXBuildFile; fileRef = A20007000000000000000007 /* ActiveTask.swift */; };
		A10008000000000000000008 /* ScheduledTask.swift in Sources */ = {isa = PBXBuildFile; fileRef = A20008000000000000000008 /* ScheduledTask.swift */; };
		A10009000000000000000009 /* SessionInfo.swift in Sources */ = {isa = PBXBuildFile; fileRef = A20009000000000000000009 /* SessionInfo.swift */; };
		A1000A00000000000000000A /* MessageEntity.swift in Sources */ = {isa = PBXBuildFile; fileRef = A2000A00000000000000000A /* MessageEntity.swift */; };
		A1000B00000000000000000B /* SettingsStore.swift in Sources */ = {isa = PBXBuildFile; fileRef = A2000B00000000000000000B /* SettingsStore.swift */; };
		A1000C00000000000000000C /* WebSocketManager.swift in Sources */ = {isa = PBXBuildFile; fileRef = A2000C00000000000000000C /* WebSocketManager.swift */; };
		A1000D00000000000000000D /* APIClient.swift in Sources */ = {isa = PBXBuildFile; fileRef = A2000D00000000000000000D /* APIClient.swift */; };
		A1000E00000000000000000E /* ChatViewModel.swift in Sources */ = {isa = PBXBuildFile; fileRef = A2000E00000000000000000E /* ChatViewModel.swift */; };
		A1000F00000000000000000F /* ChatView.swift in Sources */ = {isa = PBXBuildFile; fileRef = A2000F00000000000000000F /* ChatView.swift */; };
		A10010000000000000000010 /* MessageBubble.swift in Sources */ = {isa = PBXBuildFile; fileRef = A20010000000000000000010 /* MessageBubble.swift */; };
		A10011000000000000000011 /* InputBarView.swift in Sources */ = {isa = PBXBuildFile; fileRef = A20011000000000000000011 /* InputBarView.swift */; };
		A10012000000000000000012 /* FileChangesView.swift in Sources */ = {isa = PBXBuildFile; fileRef = A20012000000000000000012 /* FileChangesView.swift */; };
		A10013000000000000000013 /* MissionControlSheet.swift in Sources */ = {isa = PBXBuildFile; fileRef = A20013000000000000000013 /* MissionControlSheet.swift */; };
		A10014000000000000000014 /* ActiveTaskRow.swift in Sources */ = {isa = PBXBuildFile; fileRef = A20014000000000000000014 /* ActiveTaskRow.swift */; };
		A10015000000000000000015 /* ScheduledTaskRow.swift in Sources */ = {isa = PBXBuildFile; fileRef = A20015000000000000000015 /* ScheduledTaskRow.swift */; };
		A10016000000000000000016 /* AddScheduleSheet.swift in Sources */ = {isa = PBXBuildFile; fileRef = A20016000000000000000016 /* AddScheduleSheet.swift */; };
		A10017000000000000000017 /* EditScheduleSheet.swift in Sources */ = {isa = PBXBuildFile; fileRef = A20017000000000000000017 /* EditScheduleSheet.swift */; };
		A10018000000000000000018 /* SettingsView.swift in Sources */ = {isa = PBXBuildFile; fileRef = A20018000000000000000018 /* SettingsView.swift */; };
		A10019000000000000000019 /* MarkdownParser.swift in Sources */ = {isa = PBXBuildFile; fileRef = A20019000000000000000019 /* MarkdownParser.swift */; };
		A1001A00000000000000001A /* AppColors.swift in Sources */ = {isa = PBXBuildFile; fileRef = A2001A00000000000000001A /* AppColors.swift */; };
		A1001B00000000000000001B /* Assets.xcassets in Resources */ = {isa = PBXBuildFile; fileRef = A2001B00000000000000001B /* Assets.xcassets */; };
		A1001C00000000000000001C /* SwiftData.framework in Frameworks */ = {isa = PBXBuildFile; fileRef = A2001C00000000000000001C /* SwiftData.framework */; };
/* End PBXBuildFile section */

/* Begin PBXFileReference section */
		A20001000000000000000001 /* ClaudeBotApp.swift */ = {isa = PBXFileReference; lastKnownFileType = sourcecode.swift; path = ClaudeBotApp.swift; sourceTree = "<group>"; };
		A20002000000000000000002 /* ConnectionState.swift */ = {isa = PBXFileReference; lastKnownFileType = sourcecode.swift; path = ConnectionState.swift; sourceTree = "<group>"; };
		A20003000000000000000003 /* InlineButton.swift */ = {isa = PBXFileReference; lastKnownFileType = sourcecode.swift; path = InlineButton.swift; sourceTree = "<group>"; };
		A20004000000000000000004 /* FileChange.swift */ = {isa = PBXFileReference; lastKnownFileType = sourcecode.swift; path = FileChange.swift; sourceTree = "<group>"; };
		A20005000000000000000005 /* ChatMessage.swift */ = {isa = PBXFileReference; lastKnownFileType = sourcecode.swift; path = ChatMessage.swift; sourceTree = "<group>"; };
		A20006000000000000000006 /* WsMessage.swift */ = {isa = PBXFileReference; lastKnownFileType = sourcecode.swift; path = WsMessage.swift; sourceTree = "<group>"; };
		A20007000000000000000007 /* ActiveTask.swift */ = {isa = PBXFileReference; lastKnownFileType = sourcecode.swift; path = ActiveTask.swift; sourceTree = "<group>"; };
		A20008000000000000000008 /* ScheduledTask.swift */ = {isa = PBXFileReference; lastKnownFileType = sourcecode.swift; path = ScheduledTask.swift; sourceTree = "<group>"; };
		A20009000000000000000009 /* SessionInfo.swift */ = {isa = PBXFileReference; lastKnownFileType = sourcecode.swift; path = SessionInfo.swift; sourceTree = "<group>"; };
		A2000A00000000000000000A /* MessageEntity.swift */ = {isa = PBXFileReference; lastKnownFileType = sourcecode.swift; path = MessageEntity.swift; sourceTree = "<group>"; };
		A2000B00000000000000000B /* SettingsStore.swift */ = {isa = PBXFileReference; lastKnownFileType = sourcecode.swift; path = SettingsStore.swift; sourceTree = "<group>"; };
		A2000C00000000000000000C /* WebSocketManager.swift */ = {isa = PBXFileReference; lastKnownFileType = sourcecode.swift; path = WebSocketManager.swift; sourceTree = "<group>"; };
		A2000D00000000000000000D /* APIClient.swift */ = {isa = PBXFileReference; lastKnownFileType = sourcecode.swift; path = APIClient.swift; sourceTree = "<group>"; };
		A2000E00000000000000000E /* ChatViewModel.swift */ = {isa = PBXFileReference; lastKnownFileType = sourcecode.swift; path = ChatViewModel.swift; sourceTree = "<group>"; };
		A2000F00000000000000000F /* ChatView.swift */ = {isa = PBXFileReference; lastKnownFileType = sourcecode.swift; path = ChatView.swift; sourceTree = "<group>"; };
		A20010000000000000000010 /* MessageBubble.swift */ = {isa = PBXFileReference; lastKnownFileType = sourcecode.swift; path = MessageBubble.swift; sourceTree = "<group>"; };
		A20011000000000000000011 /* InputBarView.swift */ = {isa = PBXFileReference; lastKnownFileType = sourcecode.swift; path = InputBarView.swift; sourceTree = "<group>"; };
		A20012000000000000000012 /* FileChangesView.swift */ = {isa = PBXFileReference; lastKnownFileType = sourcecode.swift; path = FileChangesView.swift; sourceTree = "<group>"; };
		A20013000000000000000013 /* MissionControlSheet.swift */ = {isa = PBXFileReference; lastKnownFileType = sourcecode.swift; path = MissionControlSheet.swift; sourceTree = "<group>"; };
		A20014000000000000000014 /* ActiveTaskRow.swift */ = {isa = PBXFileReference; lastKnownFileType = sourcecode.swift; path = ActiveTaskRow.swift; sourceTree = "<group>"; };
		A20015000000000000000015 /* ScheduledTaskRow.swift */ = {isa = PBXFileReference; lastKnownFileType = sourcecode.swift; path = ScheduledTaskRow.swift; sourceTree = "<group>"; };
		A20016000000000000000016 /* AddScheduleSheet.swift */ = {isa = PBXFileReference; lastKnownFileType = sourcecode.swift; path = AddScheduleSheet.swift; sourceTree = "<group>"; };
		A20017000000000000000017 /* EditScheduleSheet.swift */ = {isa = PBXFileReference; lastKnownFileType = sourcecode.swift; path = EditScheduleSheet.swift; sourceTree = "<group>"; };
		A20018000000000000000018 /* SettingsView.swift */ = {isa = PBXFileReference; lastKnownFileType = sourcecode.swift; path = SettingsView.swift; sourceTree = "<group>"; };
		A20019000000000000000019 /* MarkdownParser.swift */ = {isa = PBXFileReference; lastKnownFileType = sourcecode.swift; path = MarkdownParser.swift; sourceTree = "<group>"; };
		A2001A00000000000000001A /* AppColors.swift */ = {isa = PBXFileReference; lastKnownFileType = sourcecode.swift; path = AppColors.swift; sourceTree = "<group>"; };
		A2001B00000000000000001B /* Assets.xcassets */ = {isa = PBXFileReference; lastKnownFileType = folder.assetcatalog; path = Assets.xcassets; sourceTree = "<group>"; };
		A2001C00000000000000001C /* SwiftData.framework */ = {isa = PBXFileReference; lastKnownFileType = wrapper.framework; name = SwiftData.framework; path = System/Library/Frameworks/SwiftData.framework; sourceTree = SDKROOT; };
		A2001D00000000000000001D /* Info.plist */ = {isa = PBXFileReference; lastKnownFileType = text.plist.xml; path = Info.plist; sourceTree = "<group>"; };
		A2001E00000000000000001E /* ClaudeBot.app */ = {isa = PBXFileReference; explicitFileType = wrapper.application; includeInIndex = 0; path = ClaudeBot.app; sourceTree = BUILT_PRODUCTS_DIR; };
/* End PBXFileReference section */

/* Begin PBXFrameworksBuildPhase section */
		A30001000000000000000001 /* Frameworks */ = {
			isa = PBXFrameworksBuildPhase;
			buildActionMask = 2147483647;
			files = (
				A1001C00000000000000001C /* SwiftData.framework in Frameworks */,
			);
			runOnlyForDeploymentPostprocessing = 0;
		};
/* End PBXFrameworksBuildPhase section */

/* Begin PBXGroup section */
		A40001000000000000000001 = {
			isa = PBXGroup;
			children = (
				A40002000000000000000002 /* ClaudeBot */,
				A40003000000000000000003 /* Frameworks */,
				A40004000000000000000004 /* Products */,
			);
			sourceTree = "<group>";
		};
		A40002000000000000000002 /* ClaudeBot */ = {
			isa = PBXGroup;
			children = (
				A40005000000000000000005 /* App */,
				A40006000000000000000006 /* Models */,
				A40007000000000000000007 /* Persistence */,
				A40008000000000000000008 /* Network */,
				A40009000000000000000009 /* ViewModels */,
				A4000A00000000000000000A /* Views */,
				A4000E00000000000000000E /* Utilities */,
				A4000F00000000000000000F /* Theme */,
				A2001B00000000000000001B /* Assets.xcassets */,
				A2001D00000000000000001D /* Info.plist */,
			);
			path = ClaudeBot;
			sourceTree = "<group>";
		};
		A40003000000000000000003 /* Frameworks */ = {
			isa = PBXGroup;
			children = (
				A2001C00000000000000001C /* SwiftData.framework */,
			);
			name = Frameworks;
			sourceTree = "<group>";
		};
		A40004000000000000000004 /* Products */ = {
			isa = PBXGroup;
			children = (
				A2001E00000000000000001E /* ClaudeBot.app */,
			);
			name = Products;
			sourceTree = "<group>";
		};
		A40005000000000000000005 /* App */ = {
			isa = PBXGroup;
			children = (
				A20001000000000000000001 /* ClaudeBotApp.swift */,
			);
			path = App;
			sourceTree = "<group>";
		};
		A40006000000000000000006 /* Models */ = {
			isa = PBXGroup;
			children = (
				A20007000000000000000007 /* ActiveTask.swift */,
				A20005000000000000000005 /* ChatMessage.swift */,
				A20002000000000000000002 /* ConnectionState.swift */,
				A20004000000000000000004 /* FileChange.swift */,
				A20003000000000000000003 /* InlineButton.swift */,
				A20008000000000000000008 /* ScheduledTask.swift */,
				A20009000000000000000009 /* SessionInfo.swift */,
				A20006000000000000000006 /* WsMessage.swift */,
			);
			path = Models;
			sourceTree = "<group>";
		};
		A40007000000000000000007 /* Persistence */ = {
			isa = PBXGroup;
			children = (
				A2000A00000000000000000A /* MessageEntity.swift */,
				A2000B00000000000000000B /* SettingsStore.swift */,
			);
			path = Persistence;
			sourceTree = "<group>";
		};
		A40008000000000000000008 /* Network */ = {
			isa = PBXGroup;
			children = (
				A2000D00000000000000000D /* APIClient.swift */,
				A2000C00000000000000000C /* WebSocketManager.swift */,
			);
			path = Network;
			sourceTree = "<group>";
		};
		A40009000000000000000009 /* ViewModels */ = {
			isa = PBXGroup;
			children = (
				A2000E00000000000000000E /* ChatViewModel.swift */,
			);
			path = ViewModels;
			sourceTree = "<group>";
		};
		A4000A00000000000000000A /* Views */ = {
			isa = PBXGroup;
			children = (
				A4000B00000000000000000B /* Chat */,
				A40010000000000000000010 /* Components */,
				A4000C00000000000000000C /* MissionControl */,
				A4000D00000000000000000D /* Settings */,
			);
			path = Views;
			sourceTree = "<group>";
		};
		A4000B00000000000000000B /* Chat */ = {
			isa = PBXGroup;
			children = (
				A2000F00000000000000000F /* ChatView.swift */,
				A20012000000000000000012 /* FileChangesView.swift */,
				A20011000000000000000011 /* InputBarView.swift */,
				A20010000000000000000010 /* MessageBubble.swift */,
			);
			path = Chat;
			sourceTree = "<group>";
		};
		A4000C00000000000000000C /* MissionControl */ = {
			isa = PBXGroup;
			children = (
				A20014000000000000000014 /* ActiveTaskRow.swift */,
				A20016000000000000000016 /* AddScheduleSheet.swift */,
				A20017000000000000000017 /* EditScheduleSheet.swift */,
				A20013000000000000000013 /* MissionControlSheet.swift */,
				A20015000000000000000015 /* ScheduledTaskRow.swift */,
			);
			path = MissionControl;
			sourceTree = "<group>";
		};
		A4000D00000000000000000D /* Settings */ = {
			isa = PBXGroup;
			children = (
				A20018000000000000000018 /* SettingsView.swift */,
			);
			path = Settings;
			sourceTree = "<group>";
		};
		A4000E00000000000000000E /* Utilities */ = {
			isa = PBXGroup;
			children = (
				A20019000000000000000019 /* MarkdownParser.swift */,
			);
			path = Utilities;
			sourceTree = "<group>";
		};
		A4000F00000000000000000F /* Theme */ = {
			isa = PBXGroup;
			children = (
				A2001A00000000000000001A /* AppColors.swift */,
			);
			path = Theme;
			sourceTree = "<group>";
		};
		A40010000000000000000010 /* Components */ = {
			isa = PBXGroup;
			children = (
			);
			path = Components;
			sourceTree = "<group>";
		};
/* End PBXGroup section */

/* Begin PBXNativeTarget section */
		A50001000000000000000001 /* ClaudeBot */ = {
			isa = PBXNativeTarget;
			buildConfigurationList = A70002000000000000000002 /* Build configuration list for PBXNativeTarget "ClaudeBot" */;
			buildPhases = (
				A60001000000000000000001 /* Sources */,
				A30001000000000000000001 /* Frameworks */,
				A60002000000000000000002 /* Resources */,
			);
			buildRules = (
			);
			dependencies = (
			);
			name = ClaudeBot;
			productName = ClaudeBot;
			productReference = A2001E00000000000000001E /* ClaudeBot.app */;
			productType = "com.apple.product-type.application";
		};
/* End PBXNativeTarget section */

/* Begin PBXProject section */
		A80001000000000000000001 /* Project object */ = {
			isa = PBXProject;
			attributes = {
				BuildIndependentTargetsInParallel = 1;
				LastSwiftUpdateCheck = 1540;
				LastUpgradeCheck = 1540;
				TargetAttributes = {
					A50001000000000000000001 = {
						CreatedOnToolsVersion = 15.4;
					};
				};
			};
			buildConfigurationList = A70001000000000000000001 /* Build configuration list for PBXProject "ClaudeBot" */;
			compatibilityVersion = "Xcode 14.0";
			developmentRegion = en;
			hasScannedForEncodings = 0;
			knownRegions = (
				en,
				Base,
			);
			mainGroup = A40001000000000000000001;
			productRefGroup = A40004000000000000000004 /* Products */;
			projectDirPath = "";
			projectRoot = "";
			targets = (
				A50001000000000000000001 /* ClaudeBot */,
			);
		};
/* End PBXProject section */

/* Begin PBXResourcesBuildPhase section */
		A60002000000000000000002 /* Resources */ = {
			isa = PBXResourcesBuildPhase;
			buildActionMask = 2147483647;
			files = (
				A1001B00000000000000001B /* Assets.xcassets in Resources */,
			);
			runOnlyForDeploymentPostprocessing = 0;
		};
/* End PBXResourcesBuildPhase section */

/* Begin PBXSourcesBuildPhase section */
		A60001000000000000000001 /* Sources */ = {
			isa = PBXSourcesBuildPhase;
			buildActionMask = 2147483647;
			files = (
				A10001000000000000000001 /* ClaudeBotApp.swift in Sources */,
				A10002000000000000000002 /* ConnectionState.swift in Sources */,
				A10003000000000000000003 /* InlineButton.swift in Sources */,
				A10004000000000000000004 /* FileChange.swift in Sources */,
				A10005000000000000000005 /* ChatMessage.swift in Sources */,
				A10006000000000000000006 /* WsMessage.swift in Sources */,
				A10007000000000000000007 /* ActiveTask.swift in Sources */,
				A10008000000000000000008 /* ScheduledTask.swift in Sources */,
				A10009000000000000000009 /* SessionInfo.swift in Sources */,
				A1000A00000000000000000A /* MessageEntity.swift in Sources */,
				A1000B00000000000000000B /* SettingsStore.swift in Sources */,
				A1000C00000000000000000C /* WebSocketManager.swift in Sources */,
				A1000D00000000000000000D /* APIClient.swift in Sources */,
				A1000E00000000000000000E /* ChatViewModel.swift in Sources */,
				A1000F00000000000000000F /* ChatView.swift in Sources */,
				A10010000000000000000010 /* MessageBubble.swift in Sources */,
				A10011000000000000000011 /* InputBarView.swift in Sources */,
				A10012000000000000000012 /* FileChangesView.swift in Sources */,
				A10013000000000000000013 /* MissionControlSheet.swift in Sources */,
				A10014000000000000000014 /* ActiveTaskRow.swift in Sources */,
				A10015000000000000000015 /* ScheduledTaskRow.swift in Sources */,
				A10016000000000000000016 /* AddScheduleSheet.swift in Sources */,
				A10017000000000000000017 /* EditScheduleSheet.swift in Sources */,
				A10018000000000000000018 /* SettingsView.swift in Sources */,
				A10019000000000000000019 /* MarkdownParser.swift in Sources */,
				A1001A00000000000000001A /* AppColors.swift in Sources */,
			);
			runOnlyForDeploymentPostprocessing = 0;
		};
/* End PBXSourcesBuildPhase section */

/* Begin XCBuildConfiguration section */
		B10001000000000000000001 /* Debug */ = {
			isa = XCBuildConfiguration;
			buildSettings = {
				ALWAYS_SEARCH_USER_PATHS = NO;
				ASSETCATALOG_COMPILER_GENERATE_SWIFT_ASSET_SYMBOL_EXTENSIONS = YES;
				CLANG_ANALYZER_NONNULL = YES;
				CLANG_ANALYZER_NUMBER_OBJECT_CONVERSION = YES_AGGRESSIVE;
				CLANG_CXX_LANGUAGE_STANDARD = "gnu++20";
				CLANG_ENABLE_MODULES = YES;
				CLANG_ENABLE_OBJC_ARC = YES;
				CLANG_ENABLE_OBJC_WEAK = YES;
				CLANG_WARN_BLOCK_CAPTURE_AUTORELEASING = YES;
				CLANG_WARN_BOOL_CONVERSION = YES;
				CLANG_WARN_COMMA = YES;
				CLANG_WARN_CONSTANT_CONVERSION = YES;
				CLANG_WARN_DEPRECATED_OBJC_IMPLEMENTATIONS = YES;
				CLANG_WARN_DIRECT_OBJC_ISA_USAGE = YES_ERROR;
				CLANG_WARN_DOCUMENTATION_COMMENTS = YES;
				CLANG_WARN_EMPTY_BODY = YES;
				CLANG_WARN_ENUM_CONVERSION = YES;
				CLANG_WARN_INFINITE_RECURSION = YES;
				CLANG_WARN_INT_CONVERSION = YES;
				CLANG_WARN_NON_LITERAL_NULL_CONVERSION = YES;
				CLANG_WARN_OBJC_IMPLICIT_RETAIN_SELF = YES;
				CLANG_WARN_OBJC_LITERAL_CONVERSION = YES;
				CLANG_WARN_OBJC_ROOT_CLASS = YES_ERROR;
				CLANG_WARN_QUOTED_INCLUDE_IN_FRAMEWORK_HEADER = YES;
				CLANG_WARN_RANGE_LOOP_ANALYSIS = YES;
				CLANG_WARN_STRICT_PROTOTYPES = YES;
				CLANG_WARN_SUSPICIOUS_MOVE = YES;
				CLANG_WARN_UNGUARDED_AVAILABILITY = YES_AGGRESSIVE;
				CLANG_WARN_UNREACHABLE_CODE = YES;
				CLANG_WARN__DUPLICATE_METHOD_MATCH = YES;
				COPY_PHASE_STRIP = NO;
				DEBUG_INFORMATION_FORMAT = dwarf;
				ENABLE_STRICT_OBJC_MSGSEND = YES;
				ENABLE_TESTABILITY = YES;
				ENABLE_USER_SCRIPT_SANDBOXING = YES;
				GCC_C_LANGUAGE_STANDARD = gnu17;
				GCC_DYNAMIC_NO_PIC = NO;
				GCC_NO_COMMON_BLOCKS = YES;
				GCC_OPTIMIZATION_LEVEL = 0;
				GCC_PREPROCESSOR_DEFINITIONS = (
					"DEBUG=1",
					"$(inherited)",
				);
				GCC_WARN_64_TO_32_BIT_CONVERSION = YES;
				GCC_WARN_ABOUT_RETURN_TYPE = YES_ERROR;
				GCC_WARN_UNDECLARED_SELECTOR = YES;
				GCC_WARN_UNINITIALIZED_AUTOS = YES_AGGRESSIVE;
				GCC_WARN_UNUSED_FUNCTION = YES;
				GCC_WARN_UNUSED_VARIABLE = YES;
				IPHONEOS_DEPLOYMENT_TARGET = 17.0;
				LOCALIZATION_PREFERS_STRING_CATALOGS = YES;
				MTL_ENABLE_DEBUG_INFO = INCLUDE_SOURCE;
				MTL_FAST_MATH = YES;
				ONLY_ACTIVE_ARCH = YES;
				SDKROOT = iphoneos;
				SWIFT_ACTIVE_COMPILATION_CONDITIONS = "DEBUG $(inherited)";
				SWIFT_OPTIMIZATION_LEVEL = "-Onone";
				SWIFT_STRICT_CONCURRENCY = complete;
			};
			name = Debug;
		};
		B10002000000000000000002 /* Release */ = {
			isa = XCBuildConfiguration;
			buildSettings = {
				ALWAYS_SEARCH_USER_PATHS = NO;
				ASSETCATALOG_COMPILER_GENERATE_SWIFT_ASSET_SYMBOL_EXTENSIONS = YES;
				CLANG_ANALYZER_NONNULL = YES;
				CLANG_ANALYZER_NUMBER_OBJECT_CONVERSION = YES_AGGRESSIVE;
				CLANG_CXX_LANGUAGE_STANDARD = "gnu++20";
				CLANG_ENABLE_MODULES = YES;
				CLANG_ENABLE_OBJC_ARC = YES;
				CLANG_ENABLE_OBJC_WEAK = YES;
				CLANG_WARN_BLOCK_CAPTURE_AUTORELEASING = YES;
				CLANG_WARN_BOOL_CONVERSION = YES;
				CLANG_WARN_COMMA = YES;
				CLANG_WARN_CONSTANT_CONVERSION = YES;
				CLANG_WARN_DEPRECATED_OBJC_IMPLEMENTATIONS = YES;
				CLANG_WARN_DIRECT_OBJC_ISA_USAGE = YES_ERROR;
				CLANG_WARN_DOCUMENTATION_COMMENTS = YES;
				CLANG_WARN_EMPTY_BODY = YES;
				CLANG_WARN_ENUM_CONVERSION = YES;
				CLANG_WARN_INFINITE_RECURSION = YES;
				CLANG_WARN_INT_CONVERSION = YES;
				CLANG_WARN_NON_LITERAL_NULL_CONVERSION = YES;
				CLANG_WARN_OBJC_IMPLICIT_RETAIN_SELF = YES;
				CLANG_WARN_OBJC_LITERAL_CONVERSION = YES;
				CLANG_WARN_OBJC_ROOT_CLASS = YES_ERROR;
				CLANG_WARN_QUOTED_INCLUDE_IN_FRAMEWORK_HEADER = YES;
				CLANG_WARN_RANGE_LOOP_ANALYSIS = YES;
				CLANG_WARN_STRICT_PROTOTYPES = YES;
				CLANG_WARN_SUSPICIOUS_MOVE = YES;
				CLANG_WARN_UNGUARDED_AVAILABILITY = YES_AGGRESSIVE;
				CLANG_WARN_UNREACHABLE_CODE = YES;
				CLANG_WARN__DUPLICATE_METHOD_MATCH = YES;
				COPY_PHASE_STRIP = NO;
				DEBUG_INFORMATION_FORMAT = "dwarf-with-dsym";
				ENABLE_NS_ASSERTIONS = NO;
				ENABLE_STRICT_OBJC_MSGSEND = YES;
				ENABLE_USER_SCRIPT_SANDBOXING = YES;
				GCC_C_LANGUAGE_STANDARD = gnu17;
				GCC_NO_COMMON_BLOCKS = YES;
				GCC_WARN_64_TO_32_BIT_CONVERSION = YES;
				GCC_WARN_ABOUT_RETURN_TYPE = YES_ERROR;
				GCC_WARN_UNDECLARED_SELECTOR = YES;
				GCC_WARN_UNINITIALIZED_AUTOS = YES_AGGRESSIVE;
				GCC_WARN_UNUSED_FUNCTION = YES;
				GCC_WARN_UNUSED_VARIABLE = YES;
				IPHONEOS_DEPLOYMENT_TARGET = 17.0;
				LOCALIZATION_PREFERS_STRING_CATALOGS = YES;
				MTL_ENABLE_DEBUG_INFO = NO;
				MTL_FAST_MATH = YES;
				SDKROOT = iphoneos;
				SWIFT_COMPILATION_MODE = wholemodule;
				SWIFT_STRICT_CONCURRENCY = complete;
				VALIDATE_PRODUCT = YES;
			};
			name = Release;
		};
		B10003000000000000000003 /* Debug */ = {
			isa = XCBuildConfiguration;
			buildSettings = {
				ASSETCATALOG_COMPILER_APPICON_NAME = AppIcon;
				ASSETCATALOG_COMPILER_GLOBAL_ACCENT_COLOR_NAME = AccentColor;
				CODE_SIGN_STYLE = Automatic;
				CURRENT_PROJECT_VERSION = 1;
				DEVELOPMENT_TEAM = 278X6SD6WX;
				GENERATE_INFOPLIST_FILE = NO;
				INFOPLIST_FILE = ClaudeBot/Info.plist;
				INFOPLIST_KEY_UIApplicationSceneManifest_Generation = YES;
				INFOPLIST_KEY_UIApplicationSupportsIndirectInputEvents = YES;
				INFOPLIST_KEY_UILaunchScreen_Generation = YES;
				INFOPLIST_KEY_UISupportedInterfaceOrientations_iPad = "UIInterfaceOrientationPortrait UIInterfaceOrientationPortraitUpsideDown UIInterfaceOrientationLandscapeLeft UIInterfaceOrientationLandscapeRight";
				INFOPLIST_KEY_UISupportedInterfaceOrientations_iPhone = "UIInterfaceOrientationPortrait UIInterfaceOrientationLandscapeLeft UIInterfaceOrientationLandscapeRight";
				LD_RUNPATH_SEARCH_PATHS = (
					"$(inherited)",
					"@executable_path/Frameworks",
				);
				MARKETING_VERSION = 1.0;
				PRODUCT_BUNDLE_IDENTIFIER = com.thimper.claudebot.app;
				PRODUCT_NAME = "$(TARGET_NAME)";
				SWIFT_EMIT_LOC_STRINGS = YES;
				SWIFT_STRICT_CONCURRENCY = complete;
				SWIFT_VERSION = 5.0;
				TARGETED_DEVICE_FAMILY = "1,2";
			};
			name = Debug;
		};
		B10004000000000000000004 /* Release */ = {
			isa = XCBuildConfiguration;
			buildSettings = {
				ASSETCATALOG_COMPILER_APPICON_NAME = AppIcon;
				ASSETCATALOG_COMPILER_GLOBAL_ACCENT_COLOR_NAME = AccentColor;
				CODE_SIGN_STYLE = Automatic;
				CURRENT_PROJECT_VERSION = 1;
				DEVELOPMENT_TEAM = 278X6SD6WX;
				GENERATE_INFOPLIST_FILE = NO;
				INFOPLIST_FILE = ClaudeBot/Info.plist;
				INFOPLIST_KEY_UIApplicationSceneManifest_Generation = YES;
				INFOPLIST_KEY_UIApplicationSupportsIndirectInputEvents = YES;
				INFOPLIST_KEY_UILaunchScreen_Generation = YES;
				INFOPLIST_KEY_UISupportedInterfaceOrientations_iPad = "UIInterfaceOrientationPortrait UIInterfaceOrientationPortraitUpsideDown UIInterfaceOrientationLandscapeLeft UIInterfaceOrientationLandscapeRight";
				INFOPLIST_KEY_UISupportedInterfaceOrientations_iPhone = "UIInterfaceOrientationPortrait UIInterfaceOrientationLandscapeLeft UIInterfaceOrientationLandscapeRight";
				LD_RUNPATH_SEARCH_PATHS = (
					"$(inherited)",
					"@executable_path/Frameworks",
				);
				MARKETING_VERSION = 1.0;
				PRODUCT_BUNDLE_IDENTIFIER = com.thimper.claudebot.app;
				PRODUCT_NAME = "$(TARGET_NAME)";
				SWIFT_EMIT_LOC_STRINGS = YES;
				SWIFT_STRICT_CONCURRENCY = complete;
				SWIFT_VERSION = 5.0;
				TARGETED_DEVICE_FAMILY = "1,2";
			};
			name = Release;
		};
/* End XCBuildConfiguration section */

/* Begin XCConfigurationList section */
		A70001000000000000000001 /* Build configuration list for PBXProject "ClaudeBot" */ = {
			isa = XCConfigurationList;
			buildConfigurations = (
				B10001000000000000000001 /* Debug */,
				B10002000000000000000002 /* Release */,
			);
			defaultConfigurationIsVisible = 0;
			defaultConfigurationName = Release;
		};
		A70002000000000000000002 /* Build configuration list for PBXNativeTarget "ClaudeBot" */ = {
			isa = XCConfigurationList;
			buildConfigurations = (
				B10003000000000000000003 /* Debug */,
				B10004000000000000000004 /* Release */,
			);
			defaultConfigurationIsVisible = 0;
			defaultConfigurationName = Release;
		};
/* End XCConfigurationList section */
	};
	rootObject = A80001000000000000000001 /* Project object */;
}
